
Microsoft Visual Studio Solution File, Format Version 12.00
# Visual Studio Version 17
VisualStudioVersion = 17.5.33312.197
MinimumVisualStudioVersion = 10.0.40219.1
Project("{FAE04EC0-301F-11D3-BF4B-00C04F79EFBC}") = "DishesApp.Server", "DishesApp\Server\DishesApp.Server.csproj", "{3A3ECE82-BFFA-4C48-81D6-B510C08D56C7}"
EndProject
Project("{FAE04EC0-301F-11D3-BF4B-00C04F79EFBC}") = "DishesApp.Client", "DishesApp\Client\DishesApp.Client.csproj", "{ED1AD901-5A98-452C-8274-B50599283035}"
EndProject
Project("{FAE04EC0-301F-11D3-BF4B-00C04F79EFBC}") = "DishesApp.Shared", "DishesApp\Shared\DishesApp.Shared.csproj", "{A2A0A16C-D6B1-4C22-ACFF-4A83EE25A547}"
EndProject
Global
	GlobalSection(SolutionConfigurationPlatforms) = preSolution
		Debug|Any CPU = Debug|Any CPU
		Release|Any CPU = Release|Any CPU
	EndGlobalSection
	GlobalSection(ProjectConfigurationPlatforms) = postSolution
		{3A3ECE82-BFFA-4C48-81D6-B510C08D56C7}.Debug|Any CPU.ActiveCfg = Debug|Any CPU
		{3A3ECE82-BFFA-4C48-81D6-B510C08D56C7}.Debug|Any CPU.Build.0 = Debug|Any CPU
		{3A3ECE82-BFFA-4C48-81D6-B510C08D56C7}.Release|Any CPU.ActiveCfg = Release|Any CPU
		{3A3ECE82-BFFA-4C48-81D6-B510C08D56C7}.Release|Any CPU.Build.0 = Release|Any CPU
		{ED1AD901-5A98-452C-8274-B50599283035}.Debug|Any CPU.ActiveCfg = Debug|Any CPU
		{ED1AD901-5A98-452C-8274-B50599283035}.Debug|Any CPU.Build.0 = Debug|Any CPU
		{ED1AD901-5A98-452C-8274-B50599283035}.Release|Any CPU.ActiveCfg = Release|Any CPU
		{ED1AD901-5A98-452C-8274-B50599283035}.Release|Any CPU.Build.0 = Release|Any CPU
		{A2A0A16C-D6B1-4C22-ACFF-4A83EE25A547}.Debug|Any CPU.ActiveCfg = Debug|Any CPU
		{A2A0A16C-D6B1-4C22-ACFF-4A83EE25A547}.Debug|Any CPU.Build.0 = Debug|Any CPU
		{A2A0A16C-D6B1-4C22-ACFF-4A83EE25A547}.Release|Any CPU.ActiveCfg = Release|Any CPU
		{A2A0A16C-D6B1-4C22-ACFF-4A83EE25A547}.Release|Any CPU.Build.0 = Release|Any CPU
	EndGlobalSection
	GlobalSection(SolutionProperties) = preSolution
		HideSolutionNode = FALSE
	EndGlobalSection
	GlobalSection(ExtensibilityGlobals) = postSolution
		SolutionGuid = {EC73F65D-4B0D-4327-A7C3-A0536D0260BC}
	EndGlobalSection
EndGlobal
